version = 1
revision = 3
requires-python = "==3.11.9"

[[package]]
name = "inat-pipeline"
version = "0.1.0"
source = { virtual = "." }
dependencies = [
    { name = "uv" },
]

[package.metadata]
requires-dist = [{ name = "uv", specifier = ">=0.9.22" }]

[[package]]
name = "uv"
version = "0.9.22"
source = { registry = "https://pypi.org/simple" }
sdist = { url = "https://files.pythonhosted.org/packages/a4/e1/298ce517fa2dbe54e0ec8e126c22fe66adedc3aaaba3e5d3c056d62a4d64/uv-0.9.22.tar.gz", hash = "sha256:41c73a4938818ede30e601cd0be87953e5c6a83dc4762e04e626f2eb9b240ebe", size = 3835119, upload-time = "2026-01-06T10:49:35.192Z" }
wheels = [
    { url = "https://files.pythonhosted.org/packages/53/09/37811eeabacd13c7fe9b6604d967e417124794d42b45d8469d2f421edc10/uv-0.9.22-py3-none-linux_armv6l.whl", hash = "sha256:1f979c9d313b4616d9865859ef520bea5df0d4f15c57214589f5676fafa440c1", size = 21319484, upload-time = "2026-01-06T10:49:42.435Z" },
    { url = "https://files.pythonhosted.org/packages/5e/68/bb76c97c284ce7fb8efa868994c2510588faa7075e60d8865d1373e54b7b/uv-0.9.22-py3-none-macosx_10_12_x86_64.whl", hash = "sha256:b78f2605d65c4925631d891dec99b677b05f50c774dedc6ef8968039a5bcfdb0", size = 20446647, upload-time = "2026-01-06T10:49:13.942Z" },
    { url = "https://files.pythonhosted.org/packages/af/49/7230b1d56aeaee0eefd346a70f582463f11fb7036d2d020bcf68053bd994/uv-0.9.22-py3-none-macosx_11_0_arm64.whl", hash = "sha256:2a4155cf7d0231d0adae94257ee10d70c57c2f592207536ddd55d924590a8c15", size = 18967861, upload-time = "2026-01-06T10:49:26.026Z" },
    { url = "https://files.pythonhosted.org/packages/70/cf/7b33e791c0cb63587bb1f03f067764fc681c0d1693a6b9a2670ef2f8a4e9/uv-0.9.22-py3-none-manylinux_2_17_aarch64.manylinux2014_aarch64.musllinux_1_1_aarch64.whl", hash = "sha256:0d8f007616cac5962620252b56a1d8224e9b2de566e78558efe04cc18526d507", size = 20807382, upload-time = "2026-01-06T10:49:28.37Z" },
    { url = "https://files.pythonhosted.org/packages/e3/72/5486eab5344a30257544b42dd15e85d5de2ff7fab952a7a6e21cc946efae/uv-0.9.22-py3-none-manylinux_2_17_armv7l.manylinux2014_armv7l.whl", hash = "sha256:3b2bcce464186f8fafa3bf2aa5d82db4e3229366345399cc3f5bcafd616b8fe0", size = 20914561, upload-time = "2026-01-06T10:49:08.996Z" },
    { url = "https://files.pythonhosted.org/packages/90/67/974adc8fd1baace83efaa2409dd19e60accfbca25c473ed9af8e8188484d/uv-0.9.22-py3-none-manylinux_2_17_i686.manylinux2014_i686.whl", hash = "sha256:3422b093b8e6e8de31261133b420c34dbef81f3fd1d82f787ac771b00b54adf8", size = 21996463, upload-time = "2026-01-06T10:49:16.587Z" },
    { url = "https://files.pythonhosted.org/packages/99/7a/ef06158af9141e3b526bcb84ecd84fd1eed7eabf64bc830f302796af8646/uv-0.9.22-py3-none-manylinux_2_17_ppc64.manylinux2014_ppc64.whl", hash = "sha256:b807bafe6b65fc1fe9c65ffd0d4228db894872de96e7200c44943f24beb68931", size = 23547447, upload-time = "2026-01-06T10:49:44.84Z" },
    { url = "https://files.pythonhosted.org/packages/e4/d7/b7f389311777403ea5230eb816b2aca159980cb8a3de5b9adb53cf19aa2e/uv-0.9.22-py3-none-manylinux_2_17_ppc64le.manylinux2014_ppc64le.whl", hash = "sha256:369b55341c6236f42d8fc335876308e5c57c921850975b3019cc9f7ebbe31567", size = 23159198, upload-time = "2026-01-06T10:49:39.938Z" },
    { url = "https://files.pythonhosted.org/packages/e5/cc/64514ba1102f24cbcb6eed39b22fe6fd04297ce1068552ae3c5fae63725b/uv-0.9.22-py3-none-manylinux_2_17_s390x.manylinux2014_s390x.whl", hash = "sha256:0cdc653fb601aa7f273242823fa93024f5fd319c66cdf22f36d784858493564c", size = 22147053, upload-time = "2026-01-06T10:49:19.094Z" },
    { url = "https://files.pythonhosted.org/packages/40/15/63fb7a6908db2f03716c4a50aea7e27a7440fe6a09854282c401139afaf7/uv-0.9.22-py3-none-manylinux_2_17_x86_64.manylinux2014_x86_64.whl", hash = "sha256:1f45e1e0f26dd47fa01eb421c54cfd39de10fd52ac0a9d7ae45b92fce7d92b0b", size = 22225812, upload-time = "2026-01-06T10:49:48.109Z" },
    { url = "https://files.pythonhosted.org/packages/ea/fe/def406c118ac215f4c392b077fb75303d125310cf178774a728e5759d9eb/uv-0.9.22-py3-none-manylinux_2_28_aarch64.whl", hash = "sha256:8f73043ade8ff6335e19fe1f4e7425d5e28aec9cafd72d13d5b40bb1cbb85690", size = 20933749, upload-time = "2026-01-06T10:49:23.817Z" },
    { url = "https://files.pythonhosted.org/packages/7f/45/27464cf8697f31858084c9c3f716b3c39d3f9a2a8e30c8a58dbd1a519e24/uv-0.9.22-py3-none-manylinux_2_31_riscv64.whl", hash = "sha256:59c4f6b3659a68c26c50865432a7134386f607432160aad51e2247f862902697", size = 22080639, upload-time = "2026-01-06T10:49:21.521Z" },
    { url = "https://files.pythonhosted.org/packages/1c/9a/7008f6aad89442ef00735b4f4c8d86eaaeaa7392f4dec814469d212eb462/uv-0.9.22-py3-none-musllinux_1_1_armv7l.whl", hash = "sha256:77ec4c101d41d7738226466191a7d62f9fa4de06ea580e0801da2f5cd5fa08aa", size = 20894483, upload-time = "2026-01-06T10:49:37.201Z" },
    { url = "https://files.pythonhosted.org/packages/fe/97/74b4c782d410e5f891446d1d27107b0312fae0e83c7be2edf6867c408f81/uv-0.9.22-py3-none-musllinux_1_1_i686.whl", hash = "sha256:b1985559b38663642658069e8d09fa6c30ed1c67654b7e5765240d9e4e9cdd57", size = 21453244, upload-time = "2026-01-06T10:49:52.878Z" },
    { url = "https://files.pythonhosted.org/packages/01/17/b3055b9f82f87a727ed5f745aadda9c363d2e2dd180f99350431e98c0ad4/uv-0.9.22-py3-none-musllinux_1_1_x86_64.whl", hash = "sha256:e4b61a9c8b8dcbf64e642d2052342d36a46886b8bc3ccc407282962b970101af", size = 22446527, upload-time = "2026-01-06T10:49:50.59Z" },
    { url = "https://files.pythonhosted.org/packages/2d/39/03ed466a5afb8bfc104096bb577b26ed7e413177fee699c756916ab35ef5/uv-0.9.22-py3-none-win32.whl", hash = "sha256:d9d4be990bb92a68781f7c98d2321b528667b61d565c02ba978488c0210aa768", size = 20088632, upload-time = "2026-01-06T10:49:11.725Z" },
    { url = "https://files.pythonhosted.org/packages/32/49/9e3e19ba756c4a5e6acb4ea74336d3035f7959254fbb05f5eb77bff067ed/uv-0.9.22-py3-none-win_amd64.whl", hash = "sha256:9c238525272506845fe07c0b9088c5e33fcd738e1f49ef49dc3c8112096d2e3a", size = 22160389, upload-time = "2026-01-06T10:49:32.826Z" },
    { url = "https://files.pythonhosted.org/packages/79/78/4a10b718290eb6b9ab436286420c430f9ad7afa0c1b03c43692d6289fe2f/uv-0.9.22-py3-none-win_arm64.whl", hash = "sha256:012bdc5285a9cdb091ac514b7eb8a707e3b649af5355fe4afb4920bfe1958c00", size = 20556116, upload-time = "2026-01-06T10:49:30.493Z" },
]
